
Microsoft Visual Studio Solution File, Format Version 12.00
# Visual Studio Version 17
VisualStudioVersion = 17.13.35913.81 d17.13
MinimumVisualStudioVersion = 10.0.40219.1
Project("{FAE04EC0-301F-11D3-BF4B-00C04F79EFBC}") = "ZenithApp", "ZenithApp\ZenithApp.csproj", "{0B366B14-4767-4D19-8ED0-E54BC95AFF65}"
EndProject
Global
	GlobalSection(SolutionConfigurationPlatforms) = preSolution
		Debug|Any CPU = Debug|Any CPU
		Release|Any CPU = Release|Any CPU
	EndGlobalSection
	GlobalSection(ProjectConfigurationPlatforms) = postSolution
		{0B366B14-4767-4D19-8ED0-E54BC95AFF65}.Debug|Any CPU.ActiveCfg = Debug|Any CPU
		{0B366B14-4767-4D19-8ED0-E54BC95AFF65}.Debug|Any CPU.Build.0 = Debug|Any CPU
		{0B366B14-4767-4D19-8ED0-E54BC95AFF65}.Release|Any CPU.ActiveCfg = Release|Any CPU
		{0B366B14-4767-4D19-8ED0-E54BC95AFF65}.Release|Any CPU.Build.0 = Release|Any CPU
	EndGlobalSection
	GlobalSection(SolutionProperties) = preSolution
		HideSolutionNode = FALSE
	EndGlobalSection
	GlobalSection(ExtensibilityGlobals) = postSolution
		SolutionGuid = {6458AC73-8B2C-428D-A07A-19C5115A430D}
	EndGlobalSection
EndGlobal
